
Microsoft Visual Studio Solution File, Format Version 12.00
# Visual Studio Version 17
VisualStudioVersion = 17.14.36301.6
MinimumVisualStudioVersion = 10.0.40219.1
Project("{FAE04EC0-301F-11D3-BF4B-00C04F79EFBC}") = "DemoApp.Api", "DemoApp.Api\DemoApp.Api.csproj", "{4CAAD2BF-6F55-4648-A1B3-FF2EFA0C6195}"
EndProject
Project("{FAE04EC0-301F-11D3-BF4B-00C04F79EFBC}") = "DemoApp.Domain", "DemoApp.Domain\DemoApp.Domain.csproj", "{068D3D61-2928-4DB8-B346-D4575BDC2BA4}"
EndProject
Project("{FAE04EC0-301F-11D3-BF4B-00C04F79EFBC}") = "DemoApp.Application", "DemoApp.Application\DemoApp.Application.csproj", "{2D47E8EA-F8B9-4E7F-8963-BABE41056EBD}"
EndProject
Project("{FAE04EC0-301F-11D3-BF4B-00C04F79EFBC}") = "DemoApp.Infrastructure", "DemoApp.Infrastructure\DemoApp.Infrastructure.csproj", "{949D9943-EA4F-45D0-9456-7B6AD4082003}"
EndProject
Project("{FAE04EC0-301F-11D3-BF4B-00C04F79EFBC}") = "DemoApp.Persistence", "DemoApp.Persistence\DemoApp.Persistence.csproj", "{449DEE6F-3C57-4483-BEF8-58CC2A1F6858}"
EndProject
Project("{FAE04EC0-301F-11D3-BF4B-00C04F79EFBC}") = "DemoApp.Application.Tests", "DemoApp.Application.Tests\DemoApp.Application.Tests.csproj", "{A1B2C3D4-E5F6-7890-1234-567890123456}"
EndProject
Global
	GlobalSection(SolutionConfigurationPlatforms) = preSolution
		Debug|Any CPU = Debug|Any CPU
		Release|Any CPU = Release|Any CPU
	EndGlobalSection
	GlobalSection(ProjectConfigurationPlatforms) = postSolution
		{4CAAD2BF-6F55-4648-A1B3-FF2EFA0C6195}.Debug|Any CPU.ActiveCfg = Debug|Any CPU
		{4CAAD2BF-6F55-4648-A1B3-FF2EFA0C6195}.Debug|Any CPU.Build.0 = Debug|Any CPU
		{4CAAD2BF-6F55-4648-A1B3-FF2EFA0C6195}.Release|Any CPU.ActiveCfg = Release|Any CPU
		{4CAAD2BF-6F55-4648-A1B3-FF2EFA0C6195}.Release|Any CPU.Build.0 = Release|Any CPU
		{068D3D61-2928-4DB8-B346-D4575BDC2BA4}.Debug|Any CPU.ActiveCfg = Debug|Any CPU
		{068D3D61-2928-4DB8-B346-D4575BDC2BA4}.Debug|Any CPU.Build.0 = Debug|Any CPU
		{068D3D61-2928-4DB8-B346-D4575BDC2BA4}.Release|Any CPU.ActiveCfg = Release|Any CPU
		{068D3D61-2928-4DB8-B346-D4575BDC2BA4}.Release|Any CPU.Build.0 = Release|Any CPU
		{2D47E8EA-F8B9-4E7F-8963-BABE41056EBD}.Debug|Any CPU.ActiveCfg = Debug|Any CPU
		{2D47E8EA-F8B9-4E7F-8963-BABE41056EBD}.Debug|Any CPU.Build.0 = Debug|Any CPU
		{2D47E8EA-F8B9-4E7F-8963-BABE41056EBD}.Release|Any CPU.ActiveCfg = Release|Any CPU
		{2D47E8EA-F8B9-4E7F-8963-BABE41056EBD}.Release|Any CPU.Build.0 = Release|Any CPU
		{949D9943-EA4F-45D0-9456-7B6AD4082003}.Debug|Any CPU.ActiveCfg = Debug|Any CPU
		{949D9943-EA4F-45D0-9456-7B6AD4082003}.Debug|Any CPU.Build.0 = Debug|Any CPU
		{949D9943-EA4F-45D0-9456-7B6AD4082003}.Release|Any CPU.ActiveCfg = Release|Any CPU
		{949D9943-EA4F-45D0-9456-7B6AD4082003}.Release|Any CPU.Build.0 = Release|Any CPU
		{449DEE6F-3C57-4483-BEF8-58CC2A1F6858}.Debug|Any CPU.ActiveCfg = Debug|Any CPU
		{449DEE6F-3C57-4483-BEF8-58CC2A1F6858}.Debug|Any CPU.Build.0 = Debug|Any CPU
		{449DEE6F-3C57-4483-BEF8-58CC2A1F6858}.Release|Any CPU.ActiveCfg = Release|Any CPU
		{449DEE6F-3C57-4483-BEF8-58CC2A1F6858}.Release|Any CPU.Build.0 = Release|Any CPU
		{A1B2C3D4-E5F6-7890-1234-567890123456}.Debug|Any CPU.ActiveCfg = Debug|Any CPU
		{A1B2C3D4-E5F6-7890-1234-567890123456}.Debug|Any CPU.Build.0 = Debug|Any CPU
		{A1B2C3D4-E5F6-7890-1234-567890123456}.Release|Any CPU.ActiveCfg = Release|Any CPU
		{A1B2C3D4-E5F6-7890-1234-567890123456}.Release|Any CPU.Build.0 = Release|Any CPU
	EndGlobalSection
	GlobalSection(SolutionProperties) = preSolution
		HideSolutionNode = FALSE
	EndGlobalSection
	GlobalSection(ExtensibilityGlobals) = postSolution
		SolutionGuid = {54156D90-F698-4762-A9C0-A23EC69E788D}
	EndGlobalSection
EndGlobal
